
Microsoft Visual Studio Solution File, Format Version 12.00
# Visual Studio Version 16
VisualStudioVersion = 16.0.30907.101
MinimumVisualStudioVersion = 10.0.40219.1
Project("{9A19103F-16F7-4668-BE54-9A1E7A4F7556}") = "EcologicalSystemConsole", "EcologicalSystemConsole.csproj", "{7B75E036-AA6F-48DB-B871-DE88C5A848B7}"
EndProject
Project("{9A19103F-16F7-4668-BE54-9A1E7A4F7556}") = "EcologicalSystemConsoleTests", "..\EcologicalSystemConsoleTests\EcologicalSystemConsoleTests.csproj", "{6D2A9F49-20BF-459A-948B-C69B0A67FCBB}"
EndProject
Global
	GlobalSection(SolutionConfigurationPlatforms) = preSolution
		Debug|Any CPU = Debug|Any CPU
		Release|Any CPU = Release|Any CPU
	EndGlobalSection
	GlobalSection(ProjectConfigurationPlatforms) = postSolution
		{7B75E036-AA6F-48DB-B871-DE88C5A848B7}.Debug|Any CPU.ActiveCfg = Debug|Any CPU
		{7B75E036-AA6F-48DB-B871-DE88C5A848B7}.Debug|Any CPU.Build.0 = Debug|Any CPU
		{7B75E036-AA6F-48DB-B871-DE88C5A848B7}.Release|Any CPU.ActiveCfg = Release|Any CPU
		{7B75E036-AA6F-48DB-B871-DE88C5A848B7}.Release|Any CPU.Build.0 = Release|Any CPU
		{6D2A9F49-20BF-459A-948B-C69B0A67FCBB}.Debug|Any CPU.ActiveCfg = Debug|Any CPU
		{6D2A9F49-20BF-459A-948B-C69B0A67FCBB}.Debug|Any CPU.Build.0 = Debug|Any CPU
		{6D2A9F49-20BF-459A-948B-C69B0A67FCBB}.Release|Any CPU.ActiveCfg = Release|Any CPU
		{6D2A9F49-20BF-459A-948B-C69B0A67FCBB}.Release|Any CPU.Build.0 = Release|Any CPU
	EndGlobalSection
	GlobalSection(SolutionProperties) = preSolution
		HideSolutionNode = FALSE
	EndGlobalSection
	GlobalSection(ExtensibilityGlobals) = postSolution
		SolutionGuid = {ACF8331E-6938-4196-B453-1D9912358D3C}
	EndGlobalSection
EndGlobal
